
Microsoft Visual Studio Solution File, Format Version 12.00
# Visual Studio Version 17
VisualStudioVersion = 17.5.33516.290
MinimumVisualStudioVersion = 10.0.40219.1
Project("{2150E333-8FDC-42A3-9474-1A3956D46DE8}") = "Gateways", "Gateways", "{34385DBF-008F-4841-9146-C3C2942F533F}"
EndProject
Project("{9A19103F-16F7-4668-BE54-9A1E7A4F7556}") = "Sliit.MTIT.Ocelote", "Sliit.MTIT.Ocelote\Sliit.MTIT.Ocelote.csproj", "{2D85E931-22DE-4FEA-9E1F-7304AA48350B}"
EndProject
Project("{9A19103F-16F7-4668-BE54-9A1E7A4F7556}") = "Sliit.MTIT.Patient", "Sliit.MTIT.Patient\Sliit.MTIT.Patient.csproj", "{E839E68E-83BF-4723-92B6-0C1F3F23B6DB}"
EndProject
Project("{2150E333-8FDC-42A3-9474-1A3956D46DE8}") = "Microservices", "Microservices", "{4F745326-120C-43DC-BA90-A5469573A3E0}"
EndProject
Global
	GlobalSection(SolutionConfigurationPlatforms) = preSolution
		Debug|Any CPU = Debug|Any CPU
		Release|Any CPU = Release|Any CPU
	EndGlobalSection
	GlobalSection(ProjectConfigurationPlatforms) = postSolution
		{2D85E931-22DE-4FEA-9E1F-7304AA48350B}.Debug|Any CPU.ActiveCfg = Debug|Any CPU
		{2D85E931-22DE-4FEA-9E1F-7304AA48350B}.Debug|Any CPU.Build.0 = Debug|Any CPU
		{2D85E931-22DE-4FEA-9E1F-7304AA48350B}.Release|Any CPU.ActiveCfg = Release|Any CPU
		{2D85E931-22DE-4FEA-9E1F-7304AA48350B}.Release|Any CPU.Build.0 = Release|Any CPU
		{E839E68E-83BF-4723-92B6-0C1F3F23B6DB}.Debug|Any CPU.ActiveCfg = Debug|Any CPU
		{E839E68E-83BF-4723-92B6-0C1F3F23B6DB}.Debug|Any CPU.Build.0 = Debug|Any CPU
		{E839E68E-83BF-4723-92B6-0C1F3F23B6DB}.Release|Any CPU.ActiveCfg = Release|Any CPU
		{E839E68E-83BF-4723-92B6-0C1F3F23B6DB}.Release|Any CPU.Build.0 = Release|Any CPU
	EndGlobalSection
	GlobalSection(SolutionProperties) = preSolution
		HideSolutionNode = FALSE
	EndGlobalSection
	GlobalSection(NestedProjects) = preSolution
		{2D85E931-22DE-4FEA-9E1F-7304AA48350B} = {34385DBF-008F-4841-9146-C3C2942F533F}
		{E839E68E-83BF-4723-92B6-0C1F3F23B6DB} = {4F745326-120C-43DC-BA90-A5469573A3E0}
	EndGlobalSection
	GlobalSection(ExtensibilityGlobals) = postSolution
		SolutionGuid = {0DC1C0EE-CFB1-45E7-90AE-DD7D5D64C441}
	EndGlobalSection
EndGlobal
